// !$*UTF8*$!
{
	archiveVersion = 1;
	classes = {
	};
	objectVersion = 50;
	objects = {

/* Begin PBXBuildFile section */
		7637B6E02679441A0040266F /* AppDelegate.swift in Sources */ = {isa = PBXBuildFile; fileRef = 7637B6DF2679441A0040266F /* AppDelegate.swift */; };
		7637B6E22679441A0040266F /* SceneDelegate.swift in Sources */ = {isa = PBXBuildFile; fileRef = 7637B6E12679441A0040266F /* SceneDelegate.swift */; };
		7637B6E42679441A0040266F /* ViewController.swift in Sources */ = {isa = PBXBuildFile; fileRef = 7637B6E32679441A0040266F /* ViewController.swift */; };
		7637B6E72679441A0040266F /* Main.storyboard in Resources */ = {isa = PBXBuildFile; fileRef = 7637B6E52679441A0040266F /* Main.storyboard */; };
		7637B6E92679441B0040266F /* Assets.xcassets in Resources */ = {isa = PBXBuildFile; fileRef = 7637B6E82679441B0040266F /* Assets.xcassets */; };
		7637B6EC2679441B0040266F /* LaunchScreen.storyboard in Resources */ = {isa = PBXBuildFile; fileRef = 7637B6EA2679441B0040266F /* LaunchScreen.storyboard */; };
		7637B6F72679441B0040266F /* DiscountTests.swift in Sources */ = {isa = PBXBuildFile; fileRef = 7637B6F62679441B0040266F /* DiscountTests.swift */; };
		7637B7022679441B0040266F /* DiscountUITests.swift in Sources */ = {isa = PBXBuildFile; fileRef = 7637B7012679441B0040266F /* DiscountUITests.swift */; };
/* End PBXBuildFile section */

/* Begin PBXContainerItemProxy section */
		7637B6F32679441B0040266F /* PBXContainerItemProxy */ = {
			isa = PBXContainerItemProxy;
			containerPortal = 7637B6D42679441A0040266F /* Project object */;
			proxyType = 1;
			remoteGlobalIDString = 7637B6DB2679441A0040266F;
			remoteInfo = Discount;
		};
		7637B6FE2679441B0040266F /* PBXContainerItemProxy */ = {
			isa = PBXContainerItemProxy;
			containerPortal = 7637B6D42679441A0040266F /* Project object */;
			proxyType = 1;
			remoteGlobalIDString = 7637B6DB2679441A0040266F;
			remoteInfo = Discount;
		};
/* End PBXContainerItemProxy section */

/* Begin PBXFileReference section */
		7637B6DC2679441A0040266F /* Discount.app */ = {isa = PBXFileReference; explicitFileType = wrapper.application; includeInIndex = 0; path = Discount.app; sourceTree = BUILT_PRODUCTS_DIR; };
		7637B6DF2679441A0040266F /* AppDelegate.swift */ = {isa = PBXFileReference; lastKnownFileType = sourcecode.swift; path = AppDelegate.swift; sourceTree = "<group>"; };
		7637B6E12679441A0040266F /* SceneDelegate.swift */ = {isa = PBXFileReference; lastKnownFileType = sourcecode.swift; path = SceneDelegate.swift; sourceTree = "<group>"; };
		7637B6E32679441A0040266F /* ViewController.swift */ = {isa = PBXFileReference; lastKnownFileType = sourcecode.swift; path = ViewController.swift; sourceTree = "<group>"; };
		7637B6E62679441A0040266F /* Base */ = {isa = PBXFileReference; lastKnownFileType = file.storyboard; name = Base; path = Base.lproj/Main.storyboard; sourceTree = "<group>"; };
		7637B6E82679441B0040266F /* Assets.xcassets */ = {isa = PBXFileReference; lastKnownFileType = folder.assetcatalog; path = Assets.xcassets; sourceTree = "<group>"; };
		7637B6EB2679441B0040266F /* Base */ = {isa = PBXFileReference; lastKnownFileType = file.storyboard; name = Base; path = Base.lproj/LaunchScreen.storyboard; sourceTree = "<group>"; };
		7637B6ED2679441B0040266F /* Info.plist */ = {isa = PBXFileReference; lastKnownFileType = text.plist.xml; path = Info.plist; sourceTree = "<group>"; };
		7637B6F22679441B0040266F /* DiscountTests.xctest */ = {isa = PBXFileReference; explicitFileType = wrapper.cfbundle; includeInIndex = 0; path = DiscountTests.xctest; sourceTree = BUILT_PRODUCTS_DIR; };
		7637B6F62679441B0040266F /* DiscountTests.swift */ = {isa = PBXFileReference; lastKnownFileType = sourcecode.swift; path = DiscountTests.swift; sourceTree = "<group>"; };
		7637B6F82679441B0040266F /* Info.plist */ = {isa = PBXFileReference; lastKnownFileType = text.plist.xml; path = Info.plist; sourceTree = "<group>"; };
		7637B6FD2679441B0040266F /* DiscountUITests.xctest */ = {isa = PBXFileReference; explicitFileType = wrapper.cfbundle; includeInIndex = 0; path = DiscountUITests.xctest; sourceTree = BUILT_PRODUCTS_DIR; };
		7637B7012679441B0040266F /* DiscountUITests.swift */ = {isa = PBXFileReference; lastKnownFileType = sourcecode.swift; path = DiscountUITests.swift; sourceTree = "<group>"; };
		7637B7032679441B0040266F /* Info.plist */ = {isa = PBXFileReference; lastKnownFileType = text.plist.xml; path = Info.plist; sourceTree = "<group>"; };
/* End PBXFileReference section */

/* Begin PBXFrameworksBuildPhase section */
		7637B6D92679441A0040266F /* Frameworks */ = {
			isa = PBXFrameworksBuildPhase;
			buildActionMask = 2147483647;
			files = (
			);
			runOnlyForDeploymentPostprocessing = 0;
		};
		7637B6EF2679441B0040266F /* Frameworks */ = {
			isa = PBXFrameworksBuildPhase;
			buildActionMask = 2147483647;
			files = (
			);
			runOnlyForDeploymentPostprocessing = 0;
		};
		7637B6FA2679441B0040266F /* Frameworks */ = {
			isa = PBXFrameworksBuildPhase;
			buildActionMask = 2147483647;
			files = (
			);
			runOnlyForDeploymentPostprocessing = 0;
		};
/* End PBXFrameworksBuildPhase section */

/* Begin PBXGroup section */
		7637B6D32679441A0040266F = {
			isa = PBXGroup;
			children = (
				7637B6DE2679441A0040266F /* Discount */,
				7637B6F52679441B0040266F /* DiscountTests */,
				7637B7002679441B0040266F /* DiscountUITests */,
				7637B6DD2679441A0040266F /* Products */,
			);
			sourceTree = "<group>";
		};
		7637B6DD2679441A0040266F /* Products */ = {
			isa = PBXGroup;
			children = (
				7637B6DC2679441A0040266F /* Discount.app */,
				7637B6F22679441B0040266F /* DiscountTests.xctest */,
				7637B6FD2679441B0040266F /* DiscountUITests.xctest */,
			);
			name = Products;
			sourceTree = "<group>";
		};
		7637B6DE2679441A0040266F /* Discount */ = {
			isa = PBXGroup;
			children = (
				7637B6DF2679441A0040266F /* AppDelegate.swift */,
				7637B6E12679441A0040266F /* SceneDelegate.swift */,
				7637B6E32679441A0040266F /* ViewController.swift */,
				7637B6E52679441A0040266F /* Main.storyboard */,
				7637B6E82679441B0040266F /* Assets.xcassets */,
				7637B6EA2679441B0040266F /* LaunchScreen.storyboard */,
				7637B6ED2679441B0040266F /* Info.plist */,
			);
			path = Discount;
			sourceTree = "<group>";
		};
		7637B6F52679441B0040266F /* DiscountTests */ = {
			isa = PBXGroup;
			children = (
				7637B6F62679441B0040266F /* DiscountTests.swift */,
				7637B6F82679441B0040266F /* Info.plist */,
			);
			path = DiscountTests;
			sourceTree = "<group>";
		};
		7637B7002679441B0040266F /* DiscountUITests */ = {
			isa = PBXGroup;
			children = (
				7637B7012679441B0040266F /* DiscountUITests.swift */,
				7637B7032679441B0040266F /* Info.plist */,
			);
			path = DiscountUITests;
			sourceTree = "<group>";
		};
/* End PBXGroup section */

/* Begin PBXNativeTarget section */
		7637B6DB2679441A0040266F /* Discount */ = {
			isa = PBXNativeTarget;
			buildConfigurationList = 7637B7062679441B0040266F /* Build configuration list for PBXNativeTarget "Discount" */;
			buildPhases = (
				7637B6D82679441A0040266F /* Sources */,
				7637B6D92679441A0040266F /* Frameworks */,
				7637B6DA2679441A0040266F /* Resources */,
			);
			buildRules = (
			);
			dependencies = (
			);
			name = Discount;
			productName = Discount;
			productReference = 7637B6DC2679441A0040266F /* Discount.app */;
			productType = "com.apple.product-type.application";
		};
		7637B6F12679441B0040266F /* DiscountTests */ = {
			isa = PBXNativeTarget;
			buildConfigurationList = 7637B7092679441B0040266F /* Build configuration list for PBXNativeTarget "DiscountTests" */;
			buildPhases = (
				7637B6EE2679441B0040266F /* Sources */,
				7637B6EF2679441B0040266F /* Frameworks */,
				7637B6F02679441B0040266F /* Resources */,
			);
			buildRules = (
			);
			dependencies = (
				7637B6F42679441B0040266F /* PBXTargetDependency */,
			);
			name = DiscountTests;
			productName = DiscountTests;
			productReference = 7637B6F22679441B0040266F /* DiscountTests.xctest */;
			productType = "com.apple.product-type.bundle.unit-test";
		};
		7637B6FC2679441B0040266F /* DiscountUITests */ = {
			isa = PBXNativeTarget;
			buildConfigurationList = 7637B70C2679441B0040266F /* Build configuration list for PBXNativeTarget "DiscountUITests" */;
			buildPhases = (
				7637B6F92679441B0040266F /* Sources */,
				7637B6FA2679441B0040266F /* Frameworks */,
				7637B6FB2679441B0040266F /* Resources */,
			);
			buildRules = (
			);
			dependencies = (
				7637B6FF2679441B0040266F /* PBXTargetDependency */,
			);
			name = DiscountUITests;
			productName = DiscountUITests;
			productReference = 7637B6FD2679441B0040266F /* DiscountUITests.xctest */;
			productType = "com.apple.product-type.bundle.ui-testing";
		};
/* End PBXNativeTarget section */

/* Begin PBXProject section */
		7637B6D42679441A0040266F /* Project object */ = {
			isa = PBXProject;
			attributes = {
				LastSwiftUpdateCheck = 1250;
				LastUpgradeCheck = 1250;
				TargetAttributes = {
					7637B6DB2679441A0040266F = {
						CreatedOnToolsVersion = 12.5;
					};
					7637B6F12679441B0040266F = {
						CreatedOnToolsVersion = 12.5;
						TestTargetID = 7637B6DB2679441A0040266F;
					};
					7637B6FC2679441B0040266F = {
						CreatedOnToolsVersion = 12.5;
						TestTargetID = 7637B6DB2679441A0040266F;
					};
				};
			};
			buildConfigurationList = 7637B6D72679441A0040266F /* Build configuration list for PBXProject "Discount" */;
			compatibilityVersion = "Xcode 9.3";
			developmentRegion = en;
			hasScannedForEncodings = 0;
			knownRegions = (
				en,
				Base,
			);
			mainGroup = 7637B6D32679441A0040266F;
			productRefGroup = 7637B6DD2679441A0040266F /* Products */;
			projectDirPath = "";
			projectRoot = "";
			targets = (
				7637B6DB2679441A0040266F /* Discount */,
				7637B6F12679441B0040266F /* DiscountTests */,
				7637B6FC2679441B0040266F /* DiscountUITests */,
			);
		};
/* End PBXProject section */

/* Begin PBXResourcesBuildPhase section */
		7637B6DA2679441A0040266F /* Resources */ = {
			isa = PBXResourcesBuildPhase;
			buildActionMask = 2147483647;
			files = (
				7637B6EC2679441B0040266F /* LaunchScreen.storyboard in Resources */,
				7637B6E92679441B0040266F /* Assets.xcassets in Resources */,
				7637B6E72679441A0040266F /* Main.storyboard in Resources */,
			);
			runOnlyForDeploymentPostprocessing = 0;
		};
		7637B6F02679441B0040266F /* Resources */ = {
			isa = PBXResourcesBuildPhase;
			buildActionMask = 2147483647;
			files = (
			);
			runOnlyForDeploymentPostprocessing = 0;
		};
		7637B6FB2679441B0040266F /* Resources */ = {
			isa = PBXResourcesBuildPhase;
			buildActionMask = 2147483647;
			files = (
			);
			runOnlyForDeploymentPostprocessing = 0;
		};
/* End PBXResourcesBuildPhase section */

/* Begin PBXSourcesBuildPhase section */
		7637B6D82679441A0040266F /* Sources */ = {
			isa = PBXSourcesBuildPhase;
			buildActionMask = 2147483647;
			files = (
				7637B6E42679441A0040266F /* ViewController.swift in Sources */,
				7637B6E02679441A0040266F /* AppDelegate.swift in Sources */,
				7637B6E22679441A0040266F /* SceneDelegate.swift in Sources */,
			);
			runOnlyForDeploymentPostprocessing = 0;
		};
		7637B6EE2679441B0040266F /* Sources */ = {
			isa = PBXSourcesBuildPhase;
			buildActionMask = 2147483647;
			files = (
				7637B6F72679441B0040266F /* DiscountTests.swift in Sources */,
			);
			runOnlyForDeploymentPostprocessing = 0;
		};
		7637B6F92679441B0040266F /* Sources */ = {
			isa = PBXSourcesBuildPhase;
			buildActionMask = 2147483647;
			files = (
				7637B7022679441B0040266F /* DiscountUITests.swift in Sources */,
			);
			runOnlyForDeploymentPostprocessing = 0;
		};
/* End PBXSourcesBuildPhase section */

/* Begin PBXTargetDependency section */
		7637B6F42679441B0040266F /* PBXTargetDependency */ = {
			isa = PBXTargetDependency;
			target = 7637B6DB2679441A0040266F /* Discount */;
			targetProxy = 7637B6F32679441B0040266F /* PBXContainerItemProxy */;
		};
		7637B6FF2679441B0040266F /* PBXTargetDependency */ = {
			isa = PBXTargetDependency;
			target = 7637B6DB2679441A0040266F /* Discount */;
			targetProxy = 7637B6FE2679441B0040266F /* PBXContainerItemProxy */;
		};
/* End PBXTargetDependency section */

/* Begin PBXVariantGroup section */
		7637B6E52679441A0040266F /* Main.storyboard */ = {
			isa = PBXVariantGroup;
			children = (
				7637B6E62679441A0040266F /* Base */,
			);
			name = Main.storyboard;
			sourceTree = "<group>";
		};
		7637B6EA2679441B0040266F /* LaunchScreen.storyboard */ = {
			isa = PBXVariantGroup;
			children = (
				7637B6EB2679441B0040266F /* Base */,
			);
			name = LaunchScreen.storyboard;
			sourceTree = "<group>";
		};
/* End PBXVariantGroup section */

/* Begin XCBuildConfiguration section */
		7637B7042679441B0040266F /* Debug */ = {
			isa = XCBuildConfiguration;
			buildSettings = {
				ALWAYS_SEARCH_USER_PATHS = NO;
				CLANG_ANALYZER_NONNULL = YES;
				CLANG_ANALYZER_NUMBER_OBJECT_CONVERSION = YES_AGGRESSIVE;
				CLANG_CXX_LANGUAGE_STANDARD = "gnu++14";
				CLANG_CXX_LIBRARY = "libc++";
				CLANG_ENABLE_MODULES = YES;
				CLANG_ENABLE_OBJC_ARC = YES;
				CLANG_ENABLE_OBJC_WEAK = YES;
				CLANG_WARN_BLOCK_CAPTURE_AUTORELEASING = YES;
				CLANG_WARN_BOOL_CONVERSION = YES;
				CLANG_WARN_COMMA = YES;
				CLANG_WARN_CONSTANT_CONVERSION = YES;
				CLANG_WARN_DEPRECATED_OBJC_IMPLEMENTATIONS = YES;
				CLANG_WARN_DIRECT_OBJC_ISA_USAGE = YES_ERROR;
				CLANG_WARN_DOCUMENTATION_COMMENTS = YES;
				CLANG_WARN_EMPTY_BODY = YES;
				CLANG_WARN_ENUM_CONVERSION = YES;
				CLANG_WARN_INFINITE_RECURSION = YES;
				CLANG_WARN_INT_CONVERSION = YES;
				CLANG_WARN_NON_LITERAL_NULL_CONVERSION = YES;
				CLANG_WARN_OBJC_IMPLICIT_RETAIN_SELF = YES;
				CLANG_WARN_OBJC_LITERAL_CONVERSION = YES;
				CLANG_WARN_OBJC_ROOT_CLASS = YES_ERROR;
				CLANG_WARN_QUOTED_INCLUDE_IN_FRAMEWORK_HEADER = YES;
				CLANG_WARN_RANGE_LOOP_ANALYSIS = YES;
				CLANG_WARN_STRICT_PROTOTYPES = YES;
				CLANG_WARN_SUSPICIOUS_MOVE = YES;
				CLANG_WARN_UNGUARDED_AVAILABILITY = YES_AGGRESSIVE;
				CLANG_WARN_UNREACHABLE_CODE = YES;
				CLANG_WARN__DUPLICATE_METHOD_MATCH = YES;
				COPY_PHASE_STRIP = NO;
				DEBUG_INFORMATION_FORMAT = dwarf;
				ENABLE_STRICT_OBJC_MSGSEND = YES;
				ENABLE_TESTABILITY = YES;
				GCC_C_LANGUAGE_STANDARD = gnu11;
				GCC_DYNAMIC_NO_PIC = NO;
				GCC_NO_COMMON_BLOCKS = YES;
				GCC_OPTIMIZATION_LEVEL = 0;
				GCC_PREPROCESSOR_DEFINITIONS = (
					"DEBUG=1",
					"$(inherited)",
				);
				GCC_WARN_64_TO_32_BIT_CONVERSION = YES;
				GCC_WARN_ABOUT_RETURN_TYPE = YES_ERROR;
				GCC_WARN_UNDECLARED_SELECTOR = YES;
				GCC_WARN_UNINITIALIZED_AUTOS = YES_AGGRESSIVE;
				GCC_WARN_UNUSED_FUNCTION = YES;
				GCC_WARN_UNUSED_VARIABLE = YES;
				IPHONEOS_DEPLOYMENT_TARGET = 14.5;
				MTL_ENABLE_DEBUG_INFO = INCLUDE_SOURCE;
				MTL_FAST_MATH = YES;
				ONLY_ACTIVE_ARCH = YES;
				SDKROOT = iphoneos;
				SWIFT_ACTIVE_COMPILATION_CONDITIONS = DEBUG;
				SWIFT_OPTIMIZATION_LEVEL = "-Onone";
			};
			name = Debug;
		};
		7637B7052679441B0040266F /* Release */ = {
			isa = XCBuildConfiguration;
			buildSettings = {
				ALWAYS_SEARCH_USER_PATHS = NO;
				CLANG_ANALYZER_NONNULL = YES;
				CLANG_ANALYZER_NUMBER_OBJECT_CONVERSION = YES_AGGRESSIVE;
				CLANG_CXX_LANGUAGE_STANDARD = "gnu++14";
				CLANG_CXX_LIBRARY = "libc++";
				CLANG_ENABLE_MODULES = YES;
				CLANG_ENABLE_OBJC_ARC = YES;
				CLANG_ENABLE_OBJC_WEAK = YES;
				CLANG_WARN_BLOCK_CAPTURE_AUTORELEASING = YES;
				CLANG_WARN_BOOL_CONVERSION = YES;
				CLANG_WARN_COMMA = YES;
				CLANG_WARN_CONSTANT_CONVERSION = YES;
				CLANG_WARN_DEPRECATED_OBJC_IMPLEMENTATIONS = YES;
				CLANG_WARN_DIRECT_OBJC_ISA_USAGE = YES_ERROR;
				CLANG_WARN_DOCUMENTATION_COMMENTS = YES;
				CLANG_WARN_EMPTY_BODY = YES;
				CLANG_WARN_ENUM_CONVERSION = YES;
				CLANG_WARN_INFINITE_RECURSION = YES;
				CLANG_WARN_INT_CONVERSION = YES;
				CLANG_WARN_NON_LITERAL_NULL_CONVERSION = YES;
				CLANG_WARN_OBJC_IMPLICIT_RETAIN_SELF = YES;
				CLANG_WARN_OBJC_LITERAL_CONVERSION = YES;
				CLANG_WARN_OBJC_ROOT_CLASS = YES_ERROR;
				CLANG_WARN_QUOTED_INCLUDE_IN_FRAMEWORK_HEADER = YES;
				CLANG_WARN_RANGE_LOOP_ANALYSIS = YES;
				CLANG_WARN_STRICT_PROTOTYPES = YES;
				CLANG_WARN_SUSPICIOUS_MOVE = YES;
				CLANG_WARN_UNGUARDED_AVAILABILITY = YES_AGGRESSIVE;
				CLANG_WARN_UNREACHABLE_CODE = YES;
				CLANG_WARN__DUPLICATE_METHOD_MATCH = YES;
				COPY_PHASE_STRIP = NO;
				DEBUG_INFORMATION_FORMAT = "dwarf-with-dsym";
				ENABLE_NS_ASSERTIONS = NO;
				ENABLE_STRICT_OBJC_MSGSEND = YES;
				GCC_C_LANGUAGE_STANDARD = gnu11;
				GCC_NO_COMMON_BLOCKS = YES;
				GCC_WARN_64_TO_32_BIT_CONVERSION = YES;
				GCC_WARN_ABOUT_RETURN_TYPE = YES_ERROR;
				GCC_WARN_UNDECLARED_SELECTOR = YES;
				GCC_WARN_UNINITIALIZED_AUTOS = YES_AGGRESSIVE;
				GCC_WARN_UNUSED_FUNCTION = YES;
				GCC_WARN_UNUSED_VARIABLE = YES;
				IPHONEOS_DEPLOYMENT_TARGET = 14.5;
				MTL_ENABLE_DEBUG_INFO = NO;
				MTL_FAST_MATH = YES;
				SDKROOT = iphoneos;
				SWIFT_COMPILATION_MODE = wholemodule;
				SWIFT_OPTIMIZATION_LEVEL = "-O";
				VALIDATE_PRODUCT = YES;
			};
			name = Release;
		};
		7637B7072679441B0040266F /* Debug */ = {
			isa = XCBuildConfiguration;
			buildSettings = {
				ASSETCATALOG_COMPILER_APPICON_NAME = AppIcon;
				ASSETCATALOG_COMPILER_GLOBAL_ACCENT_COLOR_NAME = AccentColor;
				CODE_SIGN_STYLE = Automatic;
				DEVELOPMENT_TEAM = LSB7R4D9XA;
				INFOPLIST_FILE = Discount/Info.plist;
				LD_RUNPATH_SEARCH_PATHS = (
					"$(inherited)",
					"@executable_path/Frameworks",
				);
				PRODUCT_BUNDLE_IDENTIFIER = "com.discountapp-shark-team.dis.count.Discount";
				PRODUCT_NAME = "$(TARGET_NAME)";
				SWIFT_VERSION = 5.0;
				TARGETED_DEVICE_FAMILY = "1,2";
			};
			name = Debug;
		};
		7637B7082679441B0040266F /* Release */ = {
			isa = XCBuildConfiguration;
			buildSettings = {
				ASSETCATALOG_COMPILER_APPICON_NAME = AppIcon;
				ASSETCATALOG_COMPILER_GLOBAL_ACCENT_COLOR_NAME = AccentColor;
				CODE_SIGN_STYLE = Automatic;
				DEVELOPMENT_TEAM = LSB7R4D9XA;
				INFOPLIST_FILE = Discount/Info.plist;
				LD_RUNPATH_SEARCH_PATHS = (
					"$(inherited)",
					"@executable_path/Frameworks",
				);
				PRODUCT_BUNDLE_IDENTIFIER = "com.discountapp-shark-team.dis.count.Discount";
				PRODUCT_NAME = "$(TARGET_NAME)";
				SWIFT_VERSION = 5.0;
				TARGETED_DEVICE_FAMILY = "1,2";
			};
			name = Release;
		};
		7637B70A2679441B0040266F /* Debug */ = {
			isa = XCBuildConfiguration;
			buildSettings = {
				ALWAYS_EMBED_SWIFT_STANDARD_LIBRARIES = YES;
				BUNDLE_LOADER = "$(TEST_HOST)";
				CODE_SIGN_STYLE = Automatic;
				DEVELOPMENT_TEAM = LSB7R4D9XA;
				INFOPLIST_FILE = DiscountTests/Info.plist;
				IPHONEOS_DEPLOYMENT_TARGET = 14.5;
				LD_RUNPATH_SEARCH_PATHS = (
					"$(inherited)",
					"@executable_path/Frameworks",
					"@loader_path/Frameworks",
				);
				PRODUCT_BUNDLE_IDENTIFIER = "com.discountapp-shark-team.dis.count.DiscountTests";
				PRODUCT_NAME = "$(TARGET_NAME)";
				SWIFT_VERSION = 5.0;
				TARGETED_DEVICE_FAMILY = "1,2";
				TEST_HOST = "$(BUILT_PRODUCTS_DIR)/Discount.app/Discount";
			};
			name = Debug;
		};
		7637B70B2679441B0040266F /* Release */ = {
			isa = XCBuildConfiguration;
			buildSettings = {
				ALWAYS_EMBED_SWIFT_STANDARD_LIBRARIES = YES;
				BUNDLE_LOADER = "$(TEST_HOST)";
				CODE_SIGN_STYLE = Automatic;
				DEVELOPMENT_TEAM = LSB7R4D9XA;
				INFOPLIST_FILE = DiscountTests/Info.plist;
				IPHONEOS_DEPLOYMENT_TARGET = 14.5;
				LD_RUNPATH_SEARCH_PATHS = (
					"$(inherited)",
					"@executable_path/Frameworks",
					"@loader_path/Frameworks",
				);
				PRODUCT_BUNDLE_IDENTIFIER = "com.discountapp-shark-team.dis.count.DiscountTests";
				PRODUCT_NAME = "$(TARGET_NAME)";
				SWIFT_VERSION = 5.0;
				TARGETED_DEVICE_FAMILY = "1,2";
				TEST_HOST = "$(BUILT_PRODUCTS_DIR)/Discount.app/Discount";
			};
			name = Release;
		};
		7637B70D2679441B0040266F /* Debug */ = {
			isa = XCBuildConfiguration;
			buildSettings = {
				ALWAYS_EMBED_SWIFT_STANDARD_LIBRARIES = YES;
				CODE_SIGN_STYLE = Automatic;
				DEVELOPMENT_TEAM = LSB7R4D9XA;
				INFOPLIST_FILE = DiscountUITests/Info.plist;
				LD_RUNPATH_SEARCH_PATHS = (
					"$(inherited)",
					"@executable_path/Frameworks",
					"@loader_path/Frameworks",
				);
				PRODUCT_BUNDLE_IDENTIFIER = "com.discountapp-shark-team.dis.count.DiscountUITests";
				PRODUCT_NAME = "$(TARGET_NAME)";
				SWIFT_VERSION = 5.0;
				TARGETED_DEVICE_FAMILY = "1,2";
				TEST_TARGET_NAME = Discount;
			};
			name = Debug;
		};
		7637B70E2679441B0040266F /* Release */ = {
			isa = XCBuildConfiguration;
			buildSettings = {
				ALWAYS_EMBED_SWIFT_STANDARD_LIBRARIES = YES;
				CODE_SIGN_STYLE = Automatic;
				DEVELOPMENT_TEAM = LSB7R4D9XA;
				INFOPLIST_FILE = DiscountUITests/Info.plist;
				LD_RUNPATH_SEARCH_PATHS = (
					"$(inherited)",
					"@executable_path/Frameworks",
					"@loader_path/Frameworks",
				);
				PRODUCT_BUNDLE_IDENTIFIER = "com.discountapp-shark-team.dis.count.DiscountUITests";
				PRODUCT_NAME = "$(TARGET_NAME)";
				SWIFT_VERSION = 5.0;
				TARGETED_DEVICE_FAMILY = "1,2";
				TEST_TARGET_NAME = Discount;
			};
			name = Release;
		};
/* End XCBuildConfiguration section */

/* Begin XCConfigurationList section */
		7637B6D72679441A0040266F /* Build configuration list for PBXProject "Discount" */ = {
			isa = XCConfigurationList;
			buildConfigurations = (
				7637B7042679441B0040266F /* Debug */,
				7637B7052679441B0040266F /* Release */,
			);
			defaultConfigurationIsVisible = 0;
			defaultConfigurationName = Release;
		};
		7637B7062679441B0040266F /* Build configuration list for PBXNativeTarget "Discount" */ = {
			isa = XCConfigurationList;
			buildConfigurations = (
				7637B7072679441B0040266F /* Debug */,
				7637B7082679441B0040266F /* Release */,
			);
			defaultConfigurationIsVisible = 0;
			defaultConfigurationName = Release;
		};
		7637B7092679441B0040266F /* Build configuration list for PBXNativeTarget "DiscountTests" */ = {
			isa = XCConfigurationList;
			buildConfigurations = (
				7637B70A2679441B0040266F /* Debug */,
				7637B70B2679441B0040266F /* Release */,
			);
			defaultConfigurationIsVisible = 0;
			defaultConfigurationName = Release;
		};
		7637B70C2679441B0040266F /* Build configuration list for PBXNativeTarget "DiscountUITests" */ = {
			isa = XCConfigurationList;
			buildConfigurations = (
				7637B70D2679441B0040266F /* Debug */,
				7637B70E2679441B0040266F /* Release */,
			);
			defaultConfigurationIsVisible = 0;
			defaultConfigurationName = Release;
		};
/* End XCConfigurationList section */
	};
	rootObject = 7637B6D42679441A0040266F /* Project object */;
}
